
Microsoft Visual Studio Solution File, Format Version 12.00
# Visual Studio Version 16
VisualStudioVersion = 16.0.31313.79
MinimumVisualStudioVersion = 10.0.40219.1
Project("{888888A0-9F3D-457C-B088-3A5042F75D52}") = "BottleWebProject4", "BottleWebProject4.pyproj", "{937DFF47-0FAC-43D7-A99C-1EC18470B147}"
EndProject
Global
	GlobalSection(SolutionConfigurationPlatforms) = preSolution
		Debug|Any CPU = Debug|Any CPU
		Release|Any CPU = Release|Any CPU
	EndGlobalSection
	GlobalSection(ProjectConfigurationPlatforms) = postSolution
		{937DFF47-0FAC-43D7-A99C-1EC18470B147}.Debug|Any CPU.ActiveCfg = Debug|Any CPU
		{937DFF47-0FAC-43D7-A99C-1EC18470B147}.Debug|Any CPU.Build.0 = Debug|Any CPU
		{937DFF47-0FAC-43D7-A99C-1EC18470B147}.Release|Any CPU.ActiveCfg = Release|Any CPU
		{937DFF47-0FAC-43D7-A99C-1EC18470B147}.Release|Any CPU.Build.0 = Release|Any CPU
	EndGlobalSection
	GlobalSection(SolutionProperties) = preSolution
		HideSolutionNode = FALSE
	EndGlobalSection
	GlobalSection(ExtensibilityGlobals) = postSolution
		SolutionGuid = {FFF51821-9D3D-4E1F-BA57-16E467F8484E}
	EndGlobalSection
EndGlobal
